
Microsoft Visual Studio Solution File, Format Version 12.00
# Visual Studio Version 16
VisualStudioVersion = 16.0.30523.141
MinimumVisualStudioVersion = 10.0.40219.1
Project("{FAE04EC0-301F-11D3-BF4B-00C04F79EFBC}") = "ProjetHotel", "ProjetHotel\ProjetHotel.csproj", "{62456511-DA19-4390-885B-6BC47F3856B0}"
EndProject
Global
	GlobalSection(SolutionConfigurationPlatforms) = preSolution
		Debug|Any CPU = Debug|Any CPU
		Release|Any CPU = Release|Any CPU
	EndGlobalSection
	GlobalSection(ProjectConfigurationPlatforms) = postSolution
		{62456511-DA19-4390-885B-6BC47F3856B0}.Debug|Any CPU.ActiveCfg = Debug|Any CPU
		{62456511-DA19-4390-885B-6BC47F3856B0}.Debug|Any CPU.Build.0 = Debug|Any CPU
		{62456511-DA19-4390-885B-6BC47F3856B0}.Release|Any CPU.ActiveCfg = Release|Any CPU
		{62456511-DA19-4390-885B-6BC47F3856B0}.Release|Any CPU.Build.0 = Release|Any CPU
	EndGlobalSection
	GlobalSection(SolutionProperties) = preSolution
		HideSolutionNode = FALSE
	EndGlobalSection
	GlobalSection(ExtensibilityGlobals) = postSolution
		SolutionGuid = {6E7106E2-D644-48BB-91F7-115E5478944B}
	EndGlobalSection
EndGlobal
